
Microsoft Visual Studio Solution File, Format Version 12.00
# Visual Studio Version 16
VisualStudioVersion = 16.0.29306.81
MinimumVisualStudioVersion = 10.0.40219.1
Project("{FAE04EC0-301F-11D3-BF4B-00C04F79EFBC}") = "JLaneAssignment2", "JLaneAssignment1\JLaneAssignment2.csproj", "{1A109483-A6CD-4059-BBA8-C298503A221B}"
EndProject
Global
	GlobalSection(SolutionConfigurationPlatforms) = preSolution
		Debug|Any CPU = Debug|Any CPU
		Release|Any CPU = Release|Any CPU
	EndGlobalSection
	GlobalSection(ProjectConfigurationPlatforms) = postSolution
		{1A109483-A6CD-4059-BBA8-C298503A221B}.Debug|Any CPU.ActiveCfg = Debug|Any CPU
		{1A109483-A6CD-4059-BBA8-C298503A221B}.Debug|Any CPU.Build.0 = Debug|Any CPU
		{1A109483-A6CD-4059-BBA8-C298503A221B}.Release|Any CPU.ActiveCfg = Release|Any CPU
		{1A109483-A6CD-4059-BBA8-C298503A221B}.Release|Any CPU.Build.0 = Release|Any CPU
	EndGlobalSection
	GlobalSection(SolutionProperties) = preSolution
		HideSolutionNode = FALSE
	EndGlobalSection
	GlobalSection(ExtensibilityGlobals) = postSolution
		SolutionGuid = {B02F7227-90B0-4F16-9B36-129DA33ABB2C}
	EndGlobalSection
EndGlobal
